{
  "schema": "forge-revision-lock/1",
  "revision": "C9-package",
  "files": [
    {
      "path": "runs/R14/package/Forge-C9-meta-workflow.zip",
      "size_bytes": 16237,
      "sha256": "29c0311ce046b0e41b6971c120acb34abb0b8ec2d579355e311406678adfbf19"
    },
    {
      "path": "runs/R14/package/unpacked/forge-agent-flow/references/collaboration.md",
      "size_bytes": 2727,
      "sha256": "e47019551555763e42275ec7077370c0bd6cb658df5e53b12a02eebd56cbcb9f"
    },
    {
      "path": "runs/R14/package/unpacked/forge-agent-flow/references/continuation.md",
      "size_bytes": 1982,
      "sha256": "fd91f2e97e099281aecda7f840e3f0aee563d1dd7a3219bbded524ac34fac845"
    },
    {
      "path": "runs/R14/package/unpacked/forge-agent-flow/references/evaluation.md",
      "size_bytes": 6139,
      "sha256": "4d911f33d51d1a4f36c4c7087dc4ccaf6b2d5f1b378fd10c602503412ec188e2"
    },
    {
      "path": "runs/R14/package/unpacked/forge-agent-flow/references/frontend.md",
      "size_bytes": 2563,
      "sha256": "cecbe0047fa7d61c8cbe9bc014341586d0be85128bb18724b799414cadd6f7db"
    },
    {
      "path": "runs/R14/package/unpacked/forge-agent-flow/references/modeling.md",
      "size_bytes": 5308,
      "sha256": "3a0403dbb2b32387c3fa41fe5be1d49099ffb39b62e32d5cb21d1aa689256125"
    },
    {
      "path": "runs/R14/package/unpacked/forge-agent-flow/references/source-evaluation.md",
      "size_bytes": 2208,
      "sha256": "f0ccd33fdbfb1c8bf10475b4f31161c92bccd68de30689b75e10de5d788d05fb"
    },
    {
      "path": "runs/R14/package/unpacked/forge-agent-flow/references/workflow-design.md",
      "size_bytes": 3970,
      "sha256": "8b9121323495f5298e791162cf697e29d04e8e8b4910475990573bc30468eb2c"
    },
    {
      "path": "runs/R14/package/unpacked/forge-agent-flow/SKILL.md",
      "size_bytes": 6713,
      "sha256": "b83a327e1a8813b7972dffac47541b7e168eb5e7e8b7dfe3bb9ef9b836a7a4e8"
    }
  ]
}
