{
  "schema": "forge-revision-lock/1",
  "revision": "C12-package",
  "files": [
    {
      "path": "runs/R19/final/package/Forge-C12-meta-workflow-candidate.zip",
      "size_bytes": 22214,
      "sha256": "acb3600bdc1ea26f814eca4eda462e914fb53b4fcd3cff204343de07830bcaa2"
    }
  ],
  "claim": "ZIP bytes/9 Markdown, no scripts/tests; behavior pending."
}
