{
  "schema": "forge-method-package-lock/1",
  "source": "runs/R10/candidate/C8-lock.json",
  "files": [
    {
      "path": "runs/R11/package/Forge-C8-meta-workflow.zip",
      "size_bytes": 8325,
      "sha256": "2a1cee218731fb1919092adf159ee39befbdf78ab567640532cbe56ba77cd492"
    }
  ],
  "claim": "Exact archive identity; no independent behavior pass"
}
